
Microsoft Visual Studio Solution File, Format Version 12.00
# Visual Studio Version 16
VisualStudioVersion = 16.0.30114.105
MinimumVisualStudioVersion = 10.0.40219.1
Project("{FAE04EC0-301F-11D3-BF4B-00C04F79EFBC}") = "API", "API\API.csproj", "{21B2BF51-1925-40D4-B863-0D3AB1CB2D0D}"
EndProject
Project("{FAE04EC0-301F-11D3-BF4B-00C04F79EFBC}") = "Application", "Application\Application.csproj", "{5E0CBD62-6429-4C25-AE47-FA843B8329CE}"
EndProject
Project("{FAE04EC0-301F-11D3-BF4B-00C04F79EFBC}") = "Domain", "Domain\Domain.csproj", "{4704CAB8-1470-4B1F-9606-C84CE32B0940}"
EndProject
Project("{FAE04EC0-301F-11D3-BF4B-00C04F79EFBC}") = "Persistence", "Persistence\Persistence.csproj", "{78F4EC9D-60E2-4661-B469-945DB1035559}"
EndProject
Global
	GlobalSection(SolutionConfigurationPlatforms) = preSolution
		Debug|Any CPU = Debug|Any CPU
		Debug|x64 = Debug|x64
		Debug|x86 = Debug|x86
		Release|Any CPU = Release|Any CPU
		Release|x64 = Release|x64
		Release|x86 = Release|x86
	EndGlobalSection
	GlobalSection(ProjectConfigurationPlatforms) = postSolution
		{21B2BF51-1925-40D4-B863-0D3AB1CB2D0D}.Debug|Any CPU.ActiveCfg = Debug|Any CPU
		{21B2BF51-1925-40D4-B863-0D3AB1CB2D0D}.Debug|Any CPU.Build.0 = Debug|Any CPU
		{21B2BF51-1925-40D4-B863-0D3AB1CB2D0D}.Debug|x64.ActiveCfg = Debug|Any CPU
		{21B2BF51-1925-40D4-B863-0D3AB1CB2D0D}.Debug|x64.Build.0 = Debug|Any CPU
		{21B2BF51-1925-40D4-B863-0D3AB1CB2D0D}.Debug|x86.ActiveCfg = Debug|Any CPU
		{21B2BF51-1925-40D4-B863-0D3AB1CB2D0D}.Debug|x86.Build.0 = Debug|Any CPU
		{21B2BF51-1925-40D4-B863-0D3AB1CB2D0D}.Release|Any CPU.ActiveCfg = Release|Any CPU
		{21B2BF51-1925-40D4-B863-0D3AB1CB2D0D}.Release|Any CPU.Build.0 = Release|Any CPU
		{21B2BF51-1925-40D4-B863-0D3AB1CB2D0D}.Release|x64.ActiveCfg = Release|Any CPU
		{21B2BF51-1925-40D4-B863-0D3AB1CB2D0D}.Release|x64.Build.0 = Release|Any CPU
		{21B2BF51-1925-40D4-B863-0D3AB1CB2D0D}.Release|x86.ActiveCfg = Release|Any CPU
		{21B2BF51-1925-40D4-B863-0D3AB1CB2D0D}.Release|x86.Build.0 = Release|Any CPU
		{5E0CBD62-6429-4C25-AE47-FA843B8329CE}.Debug|Any CPU.ActiveCfg = Debug|Any CPU
		{5E0CBD62-6429-4C25-AE47-FA843B8329CE}.Debug|Any CPU.Build.0 = Debug|Any CPU
		{5E0CBD62-6429-4C25-AE47-FA843B8329CE}.Debug|x64.ActiveCfg = Debug|Any CPU
		{5E0CBD62-6429-4C25-AE47-FA843B8329CE}.Debug|x64.Build.0 = Debug|Any CPU
		{5E0CBD62-6429-4C25-AE47-FA843B8329CE}.Debug|x86.ActiveCfg = Debug|Any CPU
		{5E0CBD62-6429-4C25-AE47-FA843B8329CE}.Debug|x86.Build.0 = Debug|Any CPU
		{5E0CBD62-6429-4C25-AE47-FA843B8329CE}.Release|Any CPU.ActiveCfg = Release|Any CPU
		{5E0CBD62-6429-4C25-AE47-FA843B8329CE}.Release|Any CPU.Build.0 = Release|Any CPU
		{5E0CBD62-6429-4C25-AE47-FA843B8329CE}.Release|x64.ActiveCfg = Release|Any CPU
		{5E0CBD62-6429-4C25-AE47-FA843B8329CE}.Release|x64.Build.0 = Release|Any CPU
		{5E0CBD62-6429-4C25-AE47-FA843B8329CE}.Release|x86.ActiveCfg = Release|Any CPU
		{5E0CBD62-6429-4C25-AE47-FA843B8329CE}.Release|x86.Build.0 = Release|Any CPU
		{4704CAB8-1470-4B1F-9606-C84CE32B0940}.Debug|Any CPU.ActiveCfg = Debug|Any CPU
		{4704CAB8-1470-4B1F-9606-C84CE32B0940}.Debug|Any CPU.Build.0 = Debug|Any CPU
		{4704CAB8-1470-4B1F-9606-C84CE32B0940}.Debug|x64.ActiveCfg = Debug|Any CPU
		{4704CAB8-1470-4B1F-9606-C84CE32B0940}.Debug|x64.Build.0 = Debug|Any CPU
		{4704CAB8-1470-4B1F-9606-C84CE32B0940}.Debug|x86.ActiveCfg = Debug|Any CPU
		{4704CAB8-1470-4B1F-9606-C84CE32B0940}.Debug|x86.Build.0 = Debug|Any CPU
		{4704CAB8-1470-4B1F-9606-C84CE32B0940}.Release|Any CPU.ActiveCfg = Release|Any CPU
		{4704CAB8-1470-4B1F-9606-C84CE32B0940}.Release|Any CPU.Build.0 = Release|Any CPU
		{4704CAB8-1470-4B1F-9606-C84CE32B0940}.Release|x64.ActiveCfg = Release|Any CPU
		{4704CAB8-1470-4B1F-9606-C84CE32B0940}.Release|x64.Build.0 = Release|Any CPU
		{4704CAB8-1470-4B1F-9606-C84CE32B0940}.Release|x86.ActiveCfg = Release|Any CPU
		{4704CAB8-1470-4B1F-9606-C84CE32B0940}.Release|x86.Build.0 = Release|Any CPU
		{78F4EC9D-60E2-4661-B469-945DB1035559}.Debug|Any CPU.ActiveCfg = Debug|Any CPU
		{78F4EC9D-60E2-4661-B469-945DB1035559}.Debug|Any CPU.Build.0 = Debug|Any CPU
		{78F4EC9D-60E2-4661-B469-945DB1035559}.Debug|x64.ActiveCfg = Debug|Any CPU
		{78F4EC9D-60E2-4661-B469-945DB1035559}.Debug|x64.Build.0 = Debug|Any CPU
		{78F4EC9D-60E2-4661-B469-945DB1035559}.Debug|x86.ActiveCfg = Debug|Any CPU
		{78F4EC9D-60E2-4661-B469-945DB1035559}.Debug|x86.Build.0 = Debug|Any CPU
		{78F4EC9D-60E2-4661-B469-945DB1035559}.Release|Any CPU.ActiveCfg = Release|Any CPU
		{78F4EC9D-60E2-4661-B469-945DB1035559}.Release|Any CPU.Build.0 = Release|Any CPU
		{78F4EC9D-60E2-4661-B469-945DB1035559}.Release|x64.ActiveCfg = Release|Any CPU
		{78F4EC9D-60E2-4661-B469-945DB1035559}.Release|x64.Build.0 = Release|Any CPU
		{78F4EC9D-60E2-4661-B469-945DB1035559}.Release|x86.ActiveCfg = Release|Any CPU
		{78F4EC9D-60E2-4661-B469-945DB1035559}.Release|x86.Build.0 = Release|Any CPU
	EndGlobalSection
	GlobalSection(SolutionProperties) = preSolution
		HideSolutionNode = FALSE
	EndGlobalSection
	GlobalSection(ExtensibilityGlobals) = postSolution
		SolutionGuid = {518C79F2-F32D-4D77-8FC5-3CD9D65AE1F0}
	EndGlobalSection
EndGlobal
